
Microsoft Visual Studio Solution File, Format Version 12.00
# Visual Studio Version 16
VisualStudioVersion = 16.0.31605.320
MinimumVisualStudioVersion = 10.0.40219.1
Project("{FAE04EC0-301F-11D3-BF4B-00C04F79EFBC}") = "EventSourcing.Shared", "EventSourcing.Shared\EventSourcing.Shared.csproj", "{9C379690-15FF-4D27-8502-5D686885B136}"
EndProject
Project("{FAE04EC0-301F-11D3-BF4B-00C04F79EFBC}") = "EventSourcing.API", "EventSourcing.API\EventSourcing.API.csproj", "{43051A3A-4EC4-4FC7-9CF0-75FDD83E57BD}"
EndProject
Global
	GlobalSection(SolutionConfigurationPlatforms) = preSolution
		Debug|Any CPU = Debug|Any CPU
		Release|Any CPU = Release|Any CPU
	EndGlobalSection
	GlobalSection(ProjectConfigurationPlatforms) = postSolution
		{9C379690-15FF-4D27-8502-5D686885B136}.Debug|Any CPU.ActiveCfg = Debug|Any CPU
		{9C379690-15FF-4D27-8502-5D686885B136}.Debug|Any CPU.Build.0 = Debug|Any CPU
		{9C379690-15FF-4D27-8502-5D686885B136}.Release|Any CPU.ActiveCfg = Release|Any CPU
		{9C379690-15FF-4D27-8502-5D686885B136}.Release|Any CPU.Build.0 = Release|Any CPU
		{43051A3A-4EC4-4FC7-9CF0-75FDD83E57BD}.Debug|Any CPU.ActiveCfg = Debug|Any CPU
		{43051A3A-4EC4-4FC7-9CF0-75FDD83E57BD}.Debug|Any CPU.Build.0 = Debug|Any CPU
		{43051A3A-4EC4-4FC7-9CF0-75FDD83E57BD}.Release|Any CPU.ActiveCfg = Release|Any CPU
		{43051A3A-4EC4-4FC7-9CF0-75FDD83E57BD}.Release|Any CPU.Build.0 = Release|Any CPU
	EndGlobalSection
	GlobalSection(SolutionProperties) = preSolution
		HideSolutionNode = FALSE
	EndGlobalSection
	GlobalSection(ExtensibilityGlobals) = postSolution
		SolutionGuid = {68561A13-FF79-4E5F-98D9-331A93BD4257}
	EndGlobalSection
EndGlobal
